// !$*UTF8*$!
{
	archiveVersion = 1;
	classes = {
	};
	objectVersion = 48;
	objects = {

/* Begin PBXGroup section */
		E242EB9D1F68865C005215E3 = {
			isa = PBXGroup;
			children = (
			);
			sourceTree = "<group>";
		};
/* End PBXGroup section */

/* Begin PBXProject section */
		E242EB9E1F68865C005215E3 /* Project object */ = {
			isa = PBXProject;
			attributes = {
				LastUpgradeCheck = 0900;
			};
			buildConfigurationList = E242EBA11F68865C005215E3 /* Build configuration list for PBXProject "Bencoder" */;
			compatibilityVersion = "Xcode 8.0";
			developmentRegion = en;
			hasScannedForEncodings = 0;
			knownRegions = (
				en,
			);
			mainGroup = E242EB9D1F68865C005215E3;
			projectDirPath = "";
			projectRoot = "";
			targets = (
			);
		};
/* End PBXProject section */

/* Begin XCBuildConfiguration section */
		E242EBA21F68865C005215E3 /* Debug */ = {
			isa = XCBuildConfiguration;
			buildSettings = {
			};
			name = Debug;
		};
		E242EBA31F68865C005215E3 /* Release */ = {
			isa = XCBuildConfiguration;
			buildSettings = {
			};
			name = Release;
		};
/* End XCBuildConfiguration section */

/* Begin XCConfigurationList section */
		E242EBA11F68865C005215E3 /* Build configuration list for PBXProject "Bencoder" */ = {
			isa = XCConfigurationList;
			buildConfigurations = (
				E242EBA21F68865C005215E3 /* Debug */,
				E242EBA31F68865C005215E3 /* Release */,
			);
			defaultConfigurationIsVisible = 0;
			defaultConfigurationName = Release;
		};
/* End XCConfigurationList section */
	};
	rootObject = E242EB9E1F68865C005215E3 /* Project object */;
}
